
Microsoft Visual Studio Solution File, Format Version 12.00
# Visual Studio Version 17
VisualStudioVersion = 17.0.32002.185
MinimumVisualStudioVersion = 10.0.40219.1
Project("{FAE04EC0-301F-11D3-BF4B-00C04F79EFBC}") = "odev", "odev\odev.csproj", "{AA085E18-6BC6-4050-BAE8-A169EB45B848}"
EndProject
Global
	GlobalSection(SolutionConfigurationPlatforms) = preSolution
		Debug|Any CPU = Debug|Any CPU
		Release|Any CPU = Release|Any CPU
	EndGlobalSection
	GlobalSection(ProjectConfigurationPlatforms) = postSolution
		{AA085E18-6BC6-4050-BAE8-A169EB45B848}.Debug|Any CPU.ActiveCfg = Debug|Any CPU
		{AA085E18-6BC6-4050-BAE8-A169EB45B848}.Debug|Any CPU.Build.0 = Debug|Any CPU
		{AA085E18-6BC6-4050-BAE8-A169EB45B848}.Release|Any CPU.ActiveCfg = Release|Any CPU
		{AA085E18-6BC6-4050-BAE8-A169EB45B848}.Release|Any CPU.Build.0 = Release|Any CPU
	EndGlobalSection
	GlobalSection(SolutionProperties) = preSolution
		HideSolutionNode = FALSE
	EndGlobalSection
	GlobalSection(ExtensibilityGlobals) = postSolution
		SolutionGuid = {6F658992-FFFA-4B24-A88B-E2D07A0E24A0}
	EndGlobalSection
EndGlobal
